STORAGE: NONE
RESTRICTION: == net10.0
NUGET
  remote: https://api.nuget.org/v3/index.json
    Azure.Core (1.60)
      Microsoft.Bcl.AsyncInterfaces (>= 10.0.9)
      Microsoft.Extensions.Configuration.Abstractions (>= 10.0.9)
      Microsoft.Extensions.Hosting.Abstractions (>= 10.0.9)
      Microsoft.Identity.Client (>= 4.84.2)
      Microsoft.Identity.Client.Extensions.Msal (>= 4.84.2)
      System.ClientModel (>= 1.14)
      System.Memory.Data (>= 10.0.9)
    Azure.Monitor.OpenTelemetry.Exporter (1.8.2)
      Azure.Core (>= 1.59)
      OpenTelemetry.Extensions.Hosting (>= 1.15.3)
      OpenTelemetry.PersistentStorage.FileSystem (>= 1.0.3)
    Castle.Core (5.2.1)
      System.Diagnostics.EventLog (>= 6.0)
    CsvHelper (33.1)
    Fargo.CmdLine (1.7.5)
      FSharp.Core (>= 8.0.100)
    FParsec (1.1.1)
      FSharp.Core (>= 4.3.4)
    FSharp.Core (11.0.100)
    FsToolkit.ErrorHandling (5.2)
      FSharp.Core (>= 9.0.300)
    LibGit2Sharp (0.31)
      LibGit2Sharp.NativeBinaries (2.0.323)
    LibGit2Sharp.NativeBinaries (2.0.323)
    Microsoft.ApplicationInsights (3.1.2)
      Azure.Monitor.OpenTelemetry.Exporter (>= 1.8)
    Microsoft.Bcl.AsyncInterfaces (10.0.9)
    Microsoft.Build.Tasks.Git (10.0.300)
      System.IO.Hashing (>= 10.0.8)
    Microsoft.CodeCoverage (18.7)
    Microsoft.Extensions.Configuration (10.0.9)
      Microsoft.Extensions.Configuration.Abstractions (>= 10.0.9)
      Microsoft.Extensions.Primitives (>= 10.0.9)
    Microsoft.Extensions.Configuration.Abstractions (10.0.9)
      Microsoft.Extensions.Primitives (>= 10.0.9)
    Microsoft.Extensions.Configuration.Binder (10.0.9)
      Microsoft.Extensions.Configuration (>= 10.0.9)
      Microsoft.Extensions.Configuration.Abstractions (>= 10.0.9)
    Microsoft.Extensions.DependencyInjection (10.0.9)
      Microsoft.Extensions.DependencyInjection.Abstractions (>= 10.0.9)
    Microsoft.Extensions.DependencyInjection.Abstractions (10.0.9)
    Microsoft.Extensions.DependencyModel (10.0.9)
    Microsoft.Extensions.Diagnostics.Abstractions (10.0.9)
      Microsoft.Extensions.DependencyInjection.Abstractions (>= 10.0.9)
      Microsoft.Extensions.Options (>= 10.0.9)
    Microsoft.Extensions.FileProviders.Abstractions (10.0.9)
      Microsoft.Extensions.Primitives (>= 10.0.9)
    Microsoft.Extensions.Hosting.Abstractions (10.0.9)
      Microsoft.Extensions.Configuration.Abstractions (>= 10.0.9)
      Microsoft.Extensions.DependencyInjection.Abstractions (>= 10.0.9)
      Microsoft.Extensions.Diagnostics.Abstractions (>= 10.0.9)
      Microsoft.Extensions.FileProviders.Abstractions (>= 10.0.9)
      Microsoft.Extensions.Logging.Abstractions (>= 10.0.9)
    Microsoft.Extensions.Logging (10.0.9)
      Microsoft.Extensions.DependencyInjection (>= 10.0.9)
      Microsoft.Extensions.Logging.Abstractions (>= 10.0.9)
      Microsoft.Extensions.Options (>= 10.0.9)
    Microsoft.Extensions.Logging.Abstractions (10.0.9)
      Microsoft.Extensions.DependencyInjection.Abstractions (>= 10.0.9)
    Microsoft.Extensions.Logging.Configuration (10.0.9)
      Microsoft.Extensions.Configuration (>= 10.0.9)
      Microsoft.Extensions.Configuration.Abstractions (>= 10.0.9)
      Microsoft.Extensions.Configuration.Binder (>= 10.0.9)
      Microsoft.Extensions.DependencyInjection.Abstractions (>= 10.0.9)
      Microsoft.Extensions.Logging (>= 10.0.9)
      Microsoft.Extensions.Logging.Abstractions (>= 10.0.9)
      Microsoft.Extensions.Options (>= 10.0.9)
      Microsoft.Extensions.Options.ConfigurationExtensions (>= 10.0.9)
    Microsoft.Extensions.Options (10.0.9)
      Microsoft.Extensions.DependencyInjection.Abstractions (>= 10.0.9)
      Microsoft.Extensions.Primitives (>= 10.0.9)
    Microsoft.Extensions.Options.ConfigurationExtensions (10.0.9)
      Microsoft.Extensions.Configuration.Abstractions (>= 10.0.9)
      Microsoft.Extensions.Configuration.Binder (>= 10.0.9)
      Microsoft.Extensions.DependencyInjection.Abstractions (>= 10.0.9)
      Microsoft.Extensions.Options (>= 10.0.9)
      Microsoft.Extensions.Primitives (>= 10.0.9)
    Microsoft.Extensions.Primitives (10.0.9)
    Microsoft.Identity.Client (4.85.2)
      Microsoft.IdentityModel.Abstractions (>= 8.14)
      System.Diagnostics.DiagnosticSource (>= 6.0.1)
    Microsoft.Identity.Client.Extensions.Msal (4.85.2)
      Microsoft.Identity.Client (>= 4.85.2)
      System.Security.Cryptography.ProtectedData (>= 4.5)
    Microsoft.IdentityModel.Abstractions (8.19.1)
    Microsoft.NET.Test.Sdk (18.7)
      Microsoft.CodeCoverage (>= 18.7)
      Microsoft.TestPlatform.TestHost (>= 18.7)
    Microsoft.SourceLink.Common (10.0.300)
    Microsoft.SourceLink.GitHub (10.0.300)
      Microsoft.Build.Tasks.Git (>= 10.0.300)
      Microsoft.SourceLink.Common (>= 10.0.300)
      System.IO.Hashing (>= 10.0.8)
    Microsoft.Testing.Extensions.Telemetry (2.2.3)
      Microsoft.ApplicationInsights (>= 2.23)
      Microsoft.Testing.Platform (>= 2.2.3)
    Microsoft.Testing.Extensions.TrxReport.Abstractions (2.2.3)
      Microsoft.Testing.Platform (>= 2.2.3)
    Microsoft.Testing.Extensions.VSTestBridge (2.2.3)
      Microsoft.Testing.Extensions.Telemetry (>= 2.2.3)
      Microsoft.Testing.Extensions.TrxReport.Abstractions (>= 2.2.3)
      Microsoft.Testing.Platform (>= 2.2.3)
      Microsoft.TestPlatform.ObjectModel (>= 18.3)
    Microsoft.Testing.Platform (2.2.3)
    Microsoft.Testing.Platform.MSBuild (2.2.3)
      Microsoft.Testing.Platform (>= 2.2.3)
    Microsoft.TestPlatform.ObjectModel (18.7)
      System.Reflection.Metadata (>= 8.0)
    Microsoft.TestPlatform.TestHost (18.7)
      Microsoft.TestPlatform.ObjectModel (>= 18.7)
      Newtonsoft.Json (>= 13.0.3)
    Moq (4.20.72)
      Castle.Core (>= 5.1.1)
    Newtonsoft.Json (13.0.4)
    NUnit (4.6.1)
    NUnit3TestAdapter (6.2)
      Microsoft.Extensions.DependencyModel (>= 8.0.2)
      Microsoft.Testing.Extensions.VSTestBridge (>= 2.1)
      Microsoft.Testing.Platform.MSBuild (>= 2.1)
    ObjectDumper.NET (4.3.2)
    OpenTelemetry (1.16)
      Microsoft.Extensions.Diagnostics.Abstractions (>= 10.0)
      Microsoft.Extensions.Logging.Configuration (>= 10.0)
      OpenTelemetry.Api.ProviderBuilderExtensions (>= 1.16)
    OpenTelemetry.Api (1.16)
    OpenTelemetry.Api.ProviderBuilderExtensions (1.16)
      Microsoft.Extensions.DependencyInjection.Abstractions (>= 10.0)
      OpenTelemetry.Api (>= 1.16)
    OpenTelemetry.Extensions.Hosting (1.16)
      Microsoft.Extensions.Hosting.Abstractions (>= 10.0)
      OpenTelemetry (>= 1.16)
    OpenTelemetry.PersistentStorage.Abstractions (1.1)
    OpenTelemetry.PersistentStorage.FileSystem (1.1)
      OpenTelemetry.PersistentStorage.Abstractions (>= 1.1)
    Spectre.Console (0.57.2)
      Spectre.Console.Ansi (>= 0.57.2)
    Spectre.Console.Ansi (0.57.2)
    System.ClientModel (1.14)
      Microsoft.Extensions.Configuration.Abstractions (>= 10.0.3)
      Microsoft.Extensions.Hosting.Abstractions (>= 10.0.3)
      Microsoft.Extensions.Logging.Abstractions (>= 10.0.3)
      System.Memory.Data (>= 10.0.3)
    System.Diagnostics.DiagnosticSource (10.0.9)
    System.Diagnostics.EventLog (10.0.9)
    System.IO.Hashing (10.0.9)
    System.Memory.Data (10.0.9)
    System.Reflection.Metadata (10.0.9)
    System.Security.Cryptography.ProtectedData (10.0.9)
  remote: paket-files/github.com/vincentremond/Pinicola.FSharp/nupkg
    Pinicola.FSharp (1.0.0)
      CsvHelper (>= 33.1)
      Fargo.CmdLine (>= 1.7.5)
      FParsec (>= 1.1.1)
      FSharp.Core (>= 11.0.100)
      Microsoft.SourceLink.GitHub (>= 10.0.300)
    Pinicola.FSharp.SpectreConsole (1.0.0)
      FSharp.Core (>= 11.0.100)
      Microsoft.SourceLink.GitHub (>= 10.0.300)
      Spectre.Console (>= 0.57.2)
GIT
  remote: https://github.com/vincentremond/Pinicola.FSharp.git
     (20fb0084348892d9f82e9193eda6debac6b2dec7)
      build: dotnet pack -o nupkg
      path: /nupkg/